
Microsoft Visual Studio Solution File, Format Version 12.00
# Visual Studio Express 2012 for Windows Desktop
Project("{F184B08F-C81C-45F6-A57F-5ABD9991F28F}") = "lusrmgr", "lusrmgr\lusrmgr.vbproj", "{2CD802DE-ADA0-4319-B2C5-CAA398A92C79}"
EndProject
Global
	GlobalSection(SolutionConfigurationPlatforms) = preSolution
		Debug|Any CPU = Debug|Any CPU
		Debug|x64 = Debug|x64
		Debug|x86 = Debug|x86
		Release|Any CPU = Release|Any CPU
		Release|x64 = Release|x64
		Release|x86 = Release|x86
	EndGlobalSection
	GlobalSection(ProjectConfigurationPlatforms) = postSolution
		{2CD802DE-ADA0-4319-B2C5-CAA398A92C79}.Debug|Any CPU.ActiveCfg = Debug|Any CPU
		{2CD802DE-ADA0-4319-B2C5-CAA398A92C79}.Debug|Any CPU.Build.0 = Debug|Any CPU
		{2CD802DE-ADA0-4319-B2C5-CAA398A92C79}.Debug|x64.ActiveCfg = Debug|x64
		{2CD802DE-ADA0-4319-B2C5-CAA398A92C79}.Debug|x64.Build.0 = Debug|x64
		{2CD802DE-ADA0-4319-B2C5-CAA398A92C79}.Debug|x86.ActiveCfg = Debug|x86
		{2CD802DE-ADA0-4319-B2C5-CAA398A92C79}.Debug|x86.Build.0 = Debug|x86
		{2CD802DE-ADA0-4319-B2C5-CAA398A92C79}.Release|Any CPU.ActiveCfg = Release|Any CPU
		{2CD802DE-ADA0-4319-B2C5-CAA398A92C79}.Release|Any CPU.Build.0 = Release|Any CPU
		{2CD802DE-ADA0-4319-B2C5-CAA398A92C79}.Release|x64.ActiveCfg = Release|x64
		{2CD802DE-ADA0-4319-B2C5-CAA398A92C79}.Release|x64.Build.0 = Release|x64
		{2CD802DE-ADA0-4319-B2C5-CAA398A92C79}.Release|x86.ActiveCfg = Release|x86
		{2CD802DE-ADA0-4319-B2C5-CAA398A92C79}.Release|x86.Build.0 = Release|x86
	EndGlobalSection
	GlobalSection(SolutionProperties) = preSolution
		HideSolutionNode = FALSE
	EndGlobalSection
EndGlobal
